
Microsoft Visual Studio Solution File, Format Version 12.00
# Visual Studio Version 17
VisualStudioVersion = 17.0.31903.59
MinimumVisualStudioVersion = 10.0.40219.1
Project("{FAE04EC0-301F-11D3-BF4B-00C04F79EFBC}") = "API", "API\API.csproj", "{7787D950-633C-44AB-8D4D-0B1DF3F20820}"
EndProject
Project("{FAE04EC0-301F-11D3-BF4B-00C04F79EFBC}") = "Application", "Application\Application.csproj", "{FEB48645-E84D-4493-931E-8241C968C467}"
EndProject
Project("{FAE04EC0-301F-11D3-BF4B-00C04F79EFBC}") = "Persistence", "Persistence\Persistence.csproj", "{1F219BDB-9168-48E3-ACB8-CF050F19272E}"
EndProject
Project("{FAE04EC0-301F-11D3-BF4B-00C04F79EFBC}") = "Domain", "Domain\Domain.csproj", "{FC387A58-F0CD-4A3A-992B-CBE59B78A7C8}"
EndProject
Global
	GlobalSection(SolutionConfigurationPlatforms) = preSolution
		Debug|Any CPU = Debug|Any CPU
		Release|Any CPU = Release|Any CPU
	EndGlobalSection
	GlobalSection(SolutionProperties) = preSolution
		HideSolutionNode = FALSE
	EndGlobalSection
	GlobalSection(ProjectConfigurationPlatforms) = postSolution
		{7787D950-633C-44AB-8D4D-0B1DF3F20820}.Debug|Any CPU.ActiveCfg = Debug|Any CPU
		{7787D950-633C-44AB-8D4D-0B1DF3F20820}.Debug|Any CPU.Build.0 = Debug|Any CPU
		{7787D950-633C-44AB-8D4D-0B1DF3F20820}.Release|Any CPU.ActiveCfg = Release|Any CPU
		{7787D950-633C-44AB-8D4D-0B1DF3F20820}.Release|Any CPU.Build.0 = Release|Any CPU
		{FEB48645-E84D-4493-931E-8241C968C467}.Debug|Any CPU.ActiveCfg = Debug|Any CPU
		{FEB48645-E84D-4493-931E-8241C968C467}.Debug|Any CPU.Build.0 = Debug|Any CPU
		{FEB48645-E84D-4493-931E-8241C968C467}.Release|Any CPU.ActiveCfg = Release|Any CPU
		{FEB48645-E84D-4493-931E-8241C968C467}.Release|Any CPU.Build.0 = Release|Any CPU
		{1F219BDB-9168-48E3-ACB8-CF050F19272E}.Debug|Any CPU.ActiveCfg = Debug|Any CPU
		{1F219BDB-9168-48E3-ACB8-CF050F19272E}.Debug|Any CPU.Build.0 = Debug|Any CPU
		{1F219BDB-9168-48E3-ACB8-CF050F19272E}.Release|Any CPU.ActiveCfg = Release|Any CPU
		{1F219BDB-9168-48E3-ACB8-CF050F19272E}.Release|Any CPU.Build.0 = Release|Any CPU
		{FC387A58-F0CD-4A3A-992B-CBE59B78A7C8}.Debug|Any CPU.ActiveCfg = Debug|Any CPU
		{FC387A58-F0CD-4A3A-992B-CBE59B78A7C8}.Debug|Any CPU.Build.0 = Debug|Any CPU
		{FC387A58-F0CD-4A3A-992B-CBE59B78A7C8}.Release|Any CPU.ActiveCfg = Release|Any CPU
		{FC387A58-F0CD-4A3A-992B-CBE59B78A7C8}.Release|Any CPU.Build.0 = Release|Any CPU
	EndGlobalSection
EndGlobal
